// !$*UTF8*$!
{
	archiveVersion = 1;
	classes = {
	};
	objectVersion = 46;
	objects = {

/* Begin PBXBuildFile section */
		13C68A48714B6D84AFC21552 /* Pods_TumblrClient.framework in Frameworks */ = {isa = PBXBuildFile; fileRef = BB7E26BE8C4D81E0451CD9AB /* Pods_TumblrClient.framework */; };
		19F450B21E8CA39B002D287C /* AppDelegate.swift in Sources */ = {isa = PBXBuildFile; fileRef = 19F450B11E8CA39B002D287C /* AppDelegate.swift */; };
		19F450B41E8CA39B002D287C /* ViewController.swift in Sources */ = {isa = PBXBuildFile; fileRef = 19F450B31E8CA39B002D287C /* ViewController.swift */; };
		19F450B71E8CA39B002D287C /* Main.storyboard in Resources */ = {isa = PBXBuildFile; fileRef = 19F450B51E8CA39B002D287C /* Main.storyboard */; };
		19F450B91E8CA39B002D287C /* Assets.xcassets in Resources */ = {isa = PBXBuildFile; fileRef = 19F450B81E8CA39B002D287C /* Assets.xcassets */; };
		19F450BC1E8CA39B002D287C /* LaunchScreen.storyboard in Resources */ = {isa = PBXBuildFile; fileRef = 19F450BA1E8CA39B002D287C /* LaunchScreen.storyboard */; };
		19F450D11E8E0284002D287C /* PhotoViewController.swift in Sources */ = {isa = PBXBuildFile; fileRef = 19F450D01E8E0284002D287C /* PhotoViewController.swift */; };
		19F450D31E8E075A002D287C /* PhotosCell.swift in Sources */ = {isa = PBXBuildFile; fileRef = 19F450D21E8E075A002D287C /* PhotosCell.swift */; };
/* End PBXBuildFile section */

/* Begin PBXFileReference section */
		19F450B11E8CA39B002D287C /* AppDelegate.swift */ = {isa = PBXFileReference; lastKnownFileType = sourcecode.swift; path = AppDelegate.swift; sourceTree = "<group>"; };
		19F450B31E8CA39B002D287C /* ViewController.swift */ = {isa = PBXFileReference; lastKnownFileType = sourcecode.swift; path = ViewController.swift; sourceTree = "<group>"; };
		19F450B61E8CA39B002D287C /* Base */ = {isa = PBXFileReference; lastKnownFileType = file.storyboard; name = Base; path = Base.lproj/Main.storyboard; sourceTree = "<group>"; };
		19F450B81E8CA39B002D287C /* Assets.xcassets */ = {isa = PBXFileReference; lastKnownFileType = folder.assetcatalog; path = Assets.xcassets; sourceTree = "<group>"; };
		19F450BB1E8CA39B002D287C /* Base */ = {isa = PBXFileReference; lastKnownFileType = file.storyboard; name = Base; path = Base.lproj/LaunchScreen.storyboard; sourceTree = "<group>"; };
		19F450BD1E8CA39B002D287C /* Info.plist */ = {isa = PBXFileReference; lastKnownFileType = text.plist.xml; path = Info.plist; sourceTree = "<group>"; };
		19F450CE1E8E00E3002D287C /* TumblrClient.app */ = {isa = PBXFileReference; explicitFileType = wrapper.application; includeInIndex = 0; path = TumblrClient.app; sourceTree = BUILT_PRODUCTS_DIR; };
		19F450D01E8E0284002D287C /* PhotoViewController.swift */ = {isa = PBXFileReference; fileEncoding = 4; lastKnownFileType = sourcecode.swift; path = PhotoViewController.swift; sourceTree = "<group>"; };
		19F450D21E8E075A002D287C /* PhotosCell.swift */ = {isa = PBXFileReference; fileEncoding = 4; lastKnownFileType = sourcecode.swift; path = PhotosCell.swift; sourceTree = "<group>"; };
		2590E9534CBDE04BCA82F8E0 /* Pods-TumblrClient.debug.xcconfig */ = {isa = PBXFileReference; includeInIndex = 1; lastKnownFileType = text.xcconfig; name = "Pods-TumblrClient.debug.xcconfig"; path = "Pods/Target Support Files/Pods-TumblrClient/Pods-TumblrClient.debug.xcconfig"; sourceTree = "<group>"; };
		BB7E26BE8C4D81E0451CD9AB /* Pods_TumblrClient.framework */ = {isa = PBXFileReference; explicitFileType = wrapper.framework; includeInIndex = 0; path = Pods_TumblrClient.framework; sourceTree = BUILT_PRODUCTS_DIR; };
		F155AE21351D7B9F5BD6C813 /* Pods-TumblrClient.release.xcconfig */ = {isa = PBXFileReference; includeInIndex = 1; lastKnownFileType = text.xcconfig; name = "Pods-TumblrClient.release.xcconfig"; path = "Pods/Target Support Files/Pods-TumblrClient/Pods-TumblrClient.release.xcconfig"; sourceTree = "<group>"; };
/* End PBXFileReference section */

/* Begin PBXFrameworksBuildPhase section */
		19F450AB1E8CA39A002D287C /* Frameworks */ = {
			isa = PBXFrameworksBuildPhase;
			buildActionMask = 2147483647;
			files = (
				13C68A48714B6D84AFC21552 /* Pods_TumblrClient.framework in Frameworks */,
			);
			runOnlyForDeploymentPostprocessing = 0;
		};
/* End PBXFrameworksBuildPhase section */

/* Begin PBXGroup section */
		19F450A51E8CA39A002D287C = {
			isa = PBXGroup;
			children = (
				19F450B01E8CA39B002D287C /* TumblrClient */,
				D449DCC66301BC3850311ABB /* Pods */,
				7F850D940E11C0ECB7C2364F /* Frameworks */,
				19F450CE1E8E00E3002D287C /* TumblrClient.app */,
			);
			sourceTree = "<group>";
		};
		19F450B01E8CA39B002D287C /* TumblrClient */ = {
			isa = PBXGroup;
			children = (
				19F450CF1E8E01E2002D287C /* View Controllers */,
				19F450B11E8CA39B002D287C /* AppDelegate.swift */,
				19F450B31E8CA39B002D287C /* ViewController.swift */,
				19F450B51E8CA39B002D287C /* Main.storyboard */,
				19F450B81E8CA39B002D287C /* Assets.xcassets */,
				19F450BA1E8CA39B002D287C /* LaunchScreen.storyboard */,
				19F450BD1E8CA39B002D287C /* Info.plist */,
			);
			path = TumblrClient;
			sourceTree = "<group>";
		};
		19F450CF1E8E01E2002D287C /* View Controllers */ = {
			isa = PBXGroup;
			children = (
				19F450D01E8E0284002D287C /* PhotoViewController.swift */,
				19F450D21E8E075A002D287C /* PhotosCell.swift */,
			);
			name = "View Controllers";
			sourceTree = "<group>";
		};
		7F850D940E11C0ECB7C2364F /* Frameworks */ = {
			isa = PBXGroup;
			children = (
				BB7E26BE8C4D81E0451CD9AB /* Pods_TumblrClient.framework */,
			);
			name = Frameworks;
			sourceTree = "<group>";
		};
		D449DCC66301BC3850311ABB /* Pods */ = {
			isa = PBXGroup;
			children = (
				2590E9534CBDE04BCA82F8E0 /* Pods-TumblrClient.debug.xcconfig */,
				F155AE21351D7B9F5BD6C813 /* Pods-TumblrClient.release.xcconfig */,
			);
			name = Pods;
			sourceTree = "<group>";
		};
/* End PBXGroup section */

/* Begin PBXNativeTarget section */
		19F450AD1E8CA39A002D287C /* TumblrClient */ = {
			isa = PBXNativeTarget;
			buildConfigurationList = 19F450C01E8CA39B002D287C /* Build configuration list for PBXNativeTarget "TumblrClient" */;
			buildPhases = (
				76AD9A2E484E5B5E780D6C35 /* [CP] Check Pods Manifest.lock */,
				19F450AA1E8CA39A002D287C /* Sources */,
				19F450AB1E8CA39A002D287C /* Frameworks */,
				19F450AC1E8CA39A002D287C /* Resources */,
				A81984CCFC1AC13733912082 /* [CP] Embed Pods Frameworks */,
				8B5BF109FED908129977C64F /* [CP] Copy Pods Resources */,
			);
			buildRules = (
			);
			dependencies = (
			);
			name = TumblrClient;
			productName = TumblrClient;
			productReference = 19F450CE1E8E00E3002D287C /* TumblrClient.app */;
			productType = "com.apple.product-type.application";
		};
/* End PBXNativeTarget section */

/* Begin PBXProject section */
		19F450A61E8CA39A002D287C /* Project object */ = {
			isa = PBXProject;
			attributes = {
				LastSwiftUpdateCheck = 0820;
				LastUpgradeCheck = 0820;
				ORGANIZATIONNAME = "Pavani Vellal";
				TargetAttributes = {
					19F450AD1E8CA39A002D287C = {
						CreatedOnToolsVersion = 8.2;
						DevelopmentTeam = 5PKYKCYDR5;
						ProvisioningStyle = Automatic;
					};
				};
			};
			buildConfigurationList = 19F450A91E8CA39A002D287C /* Build configuration list for PBXProject "TumblrClient" */;
			compatibilityVersion = "Xcode 3.2";
			developmentRegion = English;
			hasScannedForEncodings = 0;
			knownRegions = (
				en,
				Base,
			);
			mainGroup = 19F450A51E8CA39A002D287C;
			productRefGroup = 19F450A51E8CA39A002D287C;
			projectDirPath = "";
			projectRoot = "";
			targets = (
				19F450AD1E8CA39A002D287C /* TumblrClient */,
			);
		};
/* End PBXProject section */

/* Begin PBXResourcesBuildPhase section */
		19F450AC1E8CA39A002D287C /* Resources */ = {
			isa = PBXResourcesBuildPhase;
			buildActionMask = 2147483647;
			files = (
				19F450BC1E8CA39B002D287C /* LaunchScreen.storyboard in Resources */,
				19F450B91E8CA39B002D287C /* Assets.xcassets in Resources */,
				19F450B71E8CA39B002D287C /* Main.storyboard in Resources */,
			);
			runOnlyForDeploymentPostprocessing = 0;
		};
/* End PBXResourcesBuildPhase section */

/* Begin PBXShellScriptBuildPhase section */
		76AD9A2E484E5B5E780D6C35 /* [CP] Check Pods Manifest.lock */ = {
			isa = PBXShellScriptBuildPhase;
			buildActionMask = 2147483647;
			files = (
			);
			inputPaths = (
			);
			name = "[CP] Check Pods Manifest.lock";
			outputPaths = (
			);
			runOnlyForDeploymentPostprocessing = 0;
			shellPath = /bin/sh;
			shellScript = "diff \"${PODS_ROOT}/../Podfile.lock\" \"${PODS_ROOT}/Manifest.lock\" > /dev/null\nif [ $? != 0 ] ; then\n    # print error to STDERR\n    echo \"error: The sandbox is not in sync with the Podfile.lock. Run 'pod install' or update your CocoaPods installation.\" >&2\n    exit 1\nfi\n";
			showEnvVarsInLog = 0;
		};
		8B5BF109FED908129977C64F /* [CP] Copy Pods Resources */ = {
			isa = PBXShellScriptBuildPhase;
			buildActionMask = 2147483647;
			files = (
			);
			inputPaths = (
			);
			name = "[CP] Copy Pods Resources";
			outputPaths = (
			);
			runOnlyForDeploymentPostprocessing = 0;
			shellPath = /bin/sh;
			shellScript = "\"${SRCROOT}/Pods/Target Support Files/Pods-TumblrClient/Pods-TumblrClient-resources.sh\"\n";
			showEnvVarsInLog = 0;
		};
		A81984CCFC1AC13733912082 /* [CP] Embed Pods Frameworks */ = {
			isa = PBXShellScriptBuildPhase;
			buildActionMask = 2147483647;
			files = (
			);
			inputPaths = (
			);
			name = "[CP] Embed Pods Frameworks";
			outputPaths = (
			);
			runOnlyForDeploymentPostprocessing = 0;
			shellPath = /bin/sh;
			shellScript = "\"${SRCROOT}/Pods/Target Support Files/Pods-TumblrClient/Pods-TumblrClient-frameworks.sh\"\n";
			showEnvVarsInLog = 0;
		};
/* End PBXShellScriptBuildPhase section */

/* Begin PBXSourcesBuildPhase section */
		19F450AA1E8CA39A002D287C /* Sources */ = {
			isa = PBXSourcesBuildPhase;
			buildActionMask = 2147483647;
			files = (
				19F450B41E8CA39B002D287C /* ViewController.swift in Sources */,
				19F450D31E8E075A002D287C /* PhotosCell.swift in Sources */,
				19F450B21E8CA39B002D287C /* AppDelegate.swift in Sources */,
				19F450D11E8E0284002D287C /* PhotoViewController.swift in Sources */,
			);
			runOnlyForDeploymentPostprocessing = 0;
		};
/* End PBXSourcesBuildPhase section */

/* Begin PBXVariantGroup section */
		19F450B51E8CA39B002D287C /* Main.storyboard */ = {
			isa = PBXVariantGroup;
			children = (
				19F450B61E8CA39B002D287C /* Base */,
			);
			name = Main.storyboard;
			sourceTree = "<group>";
		};
		19F450BA1E8CA39B002D287C /* LaunchScreen.storyboard */ = {
			isa = PBXVariantGroup;
			children = (
				19F450BB1E8CA39B002D287C /* Base */,
			);
			name = LaunchScreen.storyboard;
			sourceTree = "<group>";
		};
/* End PBXVariantGroup section */

/* Begin XCBuildConfiguration section */
		19F450BE1E8CA39B002D287C /* Debug */ = {
			isa = XCBuildConfiguration;
			buildSettings = {
				ALWAYS_SEARCH_USER_PATHS = NO;
				CLANG_ANALYZER_NONNULL = YES;
				CLANG_CXX_LANGUAGE_STANDARD = "gnu++0x";
				CLANG_CXX_LIBRARY = "libc++";
				CLANG_ENABLE_MODULES = YES;
				CLANG_ENABLE_OBJC_ARC = YES;
				CLANG_WARN_BOOL_CONVERSION = YES;
				CLANG_WARN_CONSTANT_CONVERSION = YES;
				CLANG_WARN_DIRECT_OBJC_ISA_USAGE = YES_ERROR;
				CLANG_WARN_DOCUMENTATION_COMMENTS = YES;
				CLANG_WARN_EMPTY_BODY = YES;
				CLANG_WARN_ENUM_CONVERSION = YES;
				CLANG_WARN_INFINITE_RECURSION = YES;
				CLANG_WARN_INT_CONVERSION = YES;
				CLANG_WARN_OBJC_ROOT_CLASS = YES_ERROR;
				CLANG_WARN_SUSPICIOUS_MOVE = YES;
				CLANG_WARN_UNREACHABLE_CODE = YES;
				CLANG_WARN__DUPLICATE_METHOD_MATCH = YES;
				"CODE_SIGN_IDENTITY[sdk=iphoneos*]" = "iPhone Developer";
				COPY_PHASE_STRIP = NO;
				DEBUG_INFORMATION_FORMAT = dwarf;
				ENABLE_STRICT_OBJC_MSGSEND = YES;
				ENABLE_TESTABILITY = YES;
				GCC_C_LANGUAGE_STANDARD = gnu99;
				GCC_DYNAMIC_NO_PIC = NO;
				GCC_NO_COMMON_BLOCKS = YES;
				GCC_OPTIMIZATION_LEVEL = 0;
				GCC_PREPROCESSOR_DEFINITIONS = (
					"DEBUG=1",
					"$(inherited)",
				);
				GCC_WARN_64_TO_32_BIT_CONVERSION = YES;
				GCC_WARN_ABOUT_RETURN_TYPE = YES_ERROR;
				GCC_WARN_UNDECLARED_SELECTOR = YES;
				GCC_WARN_UNINITIALIZED_AUTOS = YES_AGGRESSIVE;
				GCC_WARN_UNUSED_FUNCTION = YES;
				GCC_WARN_UNUSED_VARIABLE = YES;
				IPHONEOS_DEPLOYMENT_TARGET = 10.2;
				MTL_ENABLE_DEBUG_INFO = YES;
				ONLY_ACTIVE_ARCH = YES;
				SDKROOT = iphoneos;
				SWIFT_ACTIVE_COMPILATION_CONDITIONS = DEBUG;
				SWIFT_OPTIMIZATION_LEVEL = "-Onone";
			};
			name = Debug;
		};
		19F450BF1E8CA39B002D287C /* Release */ = {
			isa = XCBuildConfiguration;
			buildSettings = {
				ALWAYS_SEARCH_USER_PATHS = NO;
				CLANG_ANALYZER_NONNULL = YES;
				CLANG_CXX_LANGUAGE_STANDARD = "gnu++0x";
				CLANG_CXX_LIBRARY = "libc++";
				CLANG_ENABLE_MODULES = YES;
				CLANG_ENABLE_OBJC_ARC = YES;
				CLANG_WARN_BOOL_CONVERSION = YES;
				CLANG_WARN_CONSTANT_CONVERSION = YES;
				CLANG_WARN_DIRECT_OBJC_ISA_USAGE = YES_ERROR;
				CLANG_WARN_DOCUMENTATION_COMMENTS = YES;
				CLANG_WARN_EMPTY_BODY = YES;
				CLANG_WARN_ENUM_CONVERSION = YES;
				CLANG_WARN_INFINITE_RECURSION = YES;
				CLANG_WARN_INT_CONVERSION = YES;
				CLANG_WARN_OBJC_ROOT_CLASS = YES_ERROR;
				CLANG_WARN_SUSPICIOUS_MOVE = YES;
				CLANG_WARN_UNREACHABLE_CODE = YES;
				CLANG_WARN__DUPLICATE_METHOD_MATCH = YES;
				"CODE_SIGN_IDENTITY[sdk=iphoneos*]" = "iPhone Developer";
				COPY_PHASE_STRIP = NO;
				DEBUG_INFORMATION_FORMAT = "dwarf-with-dsym";
				ENABLE_NS_ASSERTIONS = NO;
				ENABLE_STRICT_OBJC_MSGSEND = YES;
				GCC_C_LANGUAGE_STANDARD = gnu99;
				GCC_NO_COMMON_BLOCKS = YES;
				GCC_WARN_64_TO_32_BIT_CONVERSION = YES;
				GCC_WARN_ABOUT_RETURN_TYPE = YES_ERROR;
				GCC_WARN_UNDECLARED_SELECTOR = YES;
				GCC_WARN_UNINITIALIZED_AUTOS = YES_AGGRESSIVE;
				GCC_WARN_UNUSED_FUNCTION = YES;
				GCC_WARN_UNUSED_VARIABLE = YES;
				IPHONEOS_DEPLOYMENT_TARGET = 10.2;
				MTL_ENABLE_DEBUG_INFO = NO;
				SDKROOT = iphoneos;
				SWIFT_OPTIMIZATION_LEVEL = "-Owholemodule";
				VALIDATE_PRODUCT = YES;
			};
			name = Release;
		};
		19F450C11E8CA39B002D287C /* Debug */ = {
			isa = XCBuildConfiguration;
			baseConfigurationReference = 2590E9534CBDE04BCA82F8E0 /* Pods-TumblrClient.debug.xcconfig */;
			buildSettings = {
				ASSETCATALOG_COMPILER_APPICON_NAME = AppIcon;
				DEVELOPMENT_TEAM = 5PKYKCYDR5;
				INFOPLIST_FILE = TumblrClient/Info.plist;
				LD_RUNPATH_SEARCH_PATHS = "$(inherited) @executable_path/Frameworks";
				PRODUCT_BUNDLE_IDENTIFIER = com.pavani.TumblrClient;
				PRODUCT_NAME = "$(TARGET_NAME)";
				SWIFT_VERSION = 3.0;
			};
			name = Debug;
		};
		19F450C21E8CA39B002D287C /* Release */ = {
			isa = XCBuildConfiguration;
			baseConfigurationReference = F155AE21351D7B9F5BD6C813 /* Pods-TumblrClient.release.xcconfig */;
			buildSettings = {
				ASSETCATALOG_COMPILER_APPICON_NAME = AppIcon;
				DEVELOPMENT_TEAM = 5PKYKCYDR5;
				INFOPLIST_FILE = TumblrClient/Info.plist;
				LD_RUNPATH_SEARCH_PATHS = "$(inherited) @executable_path/Frameworks";
				PRODUCT_BUNDLE_IDENTIFIER = com.pavani.TumblrClient;
				PRODUCT_NAME = "$(TARGET_NAME)";
				SWIFT_VERSION = 3.0;
			};
			name = Release;
		};
/* End XCBuildConfiguration section */

/* Begin XCConfigurationList section */
		19F450A91E8CA39A002D287C /* Build configuration list for PBXProject "TumblrClient" */ = {
			isa = XCConfigurationList;
			buildConfigurations = (
				19F450BE1E8CA39B002D287C /* Debug */,
				19F450BF1E8CA39B002D287C /* Release */,
			);
			defaultConfigurationIsVisible = 0;
			defaultConfigurationName = Release;
		};
		19F450C01E8CA39B002D287C /* Build configuration list for PBXNativeTarget "TumblrClient" */ = {
			isa = XCConfigurationList;
			buildConfigurations = (
				19F450C11E8CA39B002D287C /* Debug */,
				19F450C21E8CA39B002D287C /* Release */,
			);
			defaultConfigurationIsVisible = 0;
			defaultConfigurationName = Release;
		};
/* End XCConfigurationList section */
	};
	rootObject = 19F450A61E8CA39A002D287C /* Project object */;
}
