// !$*UTF8*$!
{
	archiveVersion = 1;
	classes = {
	};
	objectVersion = 46;
	objects = {

/* Begin PBXBuildFile section */
		193158F51E8F0665002C45B3 /* AppDelegate.swift in Sources */ = {isa = PBXBuildFile; fileRef = 193158F41E8F0665002C45B3 /* AppDelegate.swift */; };
		193158F71E8F0665002C45B3 /* ViewController.swift in Sources */ = {isa = PBXBuildFile; fileRef = 193158F61E8F0665002C45B3 /* ViewController.swift */; };
		193158FA1E8F0665002C45B3 /* Main.storyboard in Resources */ = {isa = PBXBuildFile; fileRef = 193158F81E8F0665002C45B3 /* Main.storyboard */; };
		193158FC1E8F0665002C45B3 /* Assets.xcassets in Resources */ = {isa = PBXBuildFile; fileRef = 193158FB1E8F0665002C45B3 /* Assets.xcassets */; };
		193158FF1E8F0665002C45B3 /* LaunchScreen.storyboard in Resources */ = {isa = PBXBuildFile; fileRef = 193158FD1E8F0665002C45B3 /* LaunchScreen.storyboard */; };
		193159071E8F1F39002C45B3 /* MovieTableViewCell.swift in Sources */ = {isa = PBXBuildFile; fileRef = 193159061E8F1F39002C45B3 /* MovieTableViewCell.swift */; };
		199BF37C1E91DABA00A45A00 /* ViewController2.swift in Sources */ = {isa = PBXBuildFile; fileRef = 199BF37B1E91DABA00A45A00 /* ViewController2.swift */; };
		19E5A8E61E8FA1B30082C46E /* DetailViewController.swift in Sources */ = {isa = PBXBuildFile; fileRef = 19E5A8E51E8FA1B30082C46E /* DetailViewController.swift */; };
		19F1701A1E91AACB00062D7D /* AlertViewController.swift in Sources */ = {isa = PBXBuildFile; fileRef = 19F170191E91AACB00062D7D /* AlertViewController.swift */; };
		19F170221E91C7C100062D7D /* NowPlaying.png in Resources */ = {isa = PBXBuildFile; fileRef = 19F170211E91C7C100062D7D /* NowPlaying.png */; };
		19F170241E91C7F300062D7D /* starrated.png in Resources */ = {isa = PBXBuildFile; fileRef = 19F170231E91C7F300062D7D /* starrated.png */; };
		19F170261E91C95900062D7D /* iconmonstr-video-8-32.png in Resources */ = {isa = PBXBuildFile; fileRef = 19F170251E91C95900062D7D /* iconmonstr-video-8-32.png */; };
		19F170281E91C99400062D7D /* iconmonstr-star-1-32.png in Resources */ = {isa = PBXBuildFile; fileRef = 19F170271E91C99400062D7D /* iconmonstr-star-1-32.png */; };
		8503523F47BDA2093EA7069F /* Pods_Flicks.framework in Frameworks */ = {isa = PBXBuildFile; fileRef = 65D484E0E6BCFA6AC7DF52C8 /* Pods_Flicks.framework */; };
/* End PBXBuildFile section */

/* Begin PBXFileReference section */
		193158F11E8F0665002C45B3 /* Flicks.app */ = {isa = PBXFileReference; explicitFileType = wrapper.application; includeInIndex = 0; path = Flicks.app; sourceTree = BUILT_PRODUCTS_DIR; };
		193158F41E8F0665002C45B3 /* AppDelegate.swift */ = {isa = PBXFileReference; lastKnownFileType = sourcecode.swift; path = AppDelegate.swift; sourceTree = "<group>"; };
		193158F61E8F0665002C45B3 /* ViewController.swift */ = {isa = PBXFileReference; lastKnownFileType = sourcecode.swift; path = ViewController.swift; sourceTree = "<group>"; };
		193158F91E8F0665002C45B3 /* Base */ = {isa = PBXFileReference; lastKnownFileType = file.storyboard; name = Base; path = Base.lproj/Main.storyboard; sourceTree = "<group>"; };
		193158FB1E8F0665002C45B3 /* Assets.xcassets */ = {isa = PBXFileReference; lastKnownFileType = folder.assetcatalog; path = Assets.xcassets; sourceTree = "<group>"; };
		193158FE1E8F0665002C45B3 /* Base */ = {isa = PBXFileReference; lastKnownFileType = file.storyboard; name = Base; path = Base.lproj/LaunchScreen.storyboard; sourceTree = "<group>"; };
		193159001E8F0665002C45B3 /* Info.plist */ = {isa = PBXFileReference; lastKnownFileType = text.plist.xml; path = Info.plist; sourceTree = "<group>"; };
		193159061E8F1F39002C45B3 /* MovieTableViewCell.swift */ = {isa = PBXFileReference; fileEncoding = 4; lastKnownFileType = sourcecode.swift; path = MovieTableViewCell.swift; sourceTree = "<group>"; };
		199BF37B1E91DABA00A45A00 /* ViewController2.swift */ = {isa = PBXFileReference; fileEncoding = 4; lastKnownFileType = sourcecode.swift; path = ViewController2.swift; sourceTree = "<group>"; };
		19E5A8E51E8FA1B30082C46E /* DetailViewController.swift */ = {isa = PBXFileReference; fileEncoding = 4; lastKnownFileType = sourcecode.swift; path = DetailViewController.swift; sourceTree = "<group>"; };
		19F170191E91AACB00062D7D /* AlertViewController.swift */ = {isa = PBXFileReference; fileEncoding = 4; lastKnownFileType = sourcecode.swift; path = AlertViewController.swift; sourceTree = "<group>"; };
		19F170211E91C7C100062D7D /* NowPlaying.png */ = {isa = PBXFileReference; lastKnownFileType = image.png; path = NowPlaying.png; sourceTree = "<group>"; };
		19F170231E91C7F300062D7D /* starrated.png */ = {isa = PBXFileReference; lastKnownFileType = image.png; path = starrated.png; sourceTree = "<group>"; };
		19F170251E91C95900062D7D /* iconmonstr-video-8-32.png */ = {isa = PBXFileReference; lastKnownFileType = image.png; path = "iconmonstr-video-8-32.png"; sourceTree = "<group>"; };
		19F170271E91C99400062D7D /* iconmonstr-star-1-32.png */ = {isa = PBXFileReference; lastKnownFileType = image.png; path = "iconmonstr-star-1-32.png"; sourceTree = "<group>"; };
		65D484E0E6BCFA6AC7DF52C8 /* Pods_Flicks.framework */ = {isa = PBXFileReference; explicitFileType = wrapper.framework; includeInIndex = 0; path = Pods_Flicks.framework; sourceTree = BUILT_PRODUCTS_DIR; };
		B037D25FACF55DA6B9CCEF6E /* Pods-Flicks.release.xcconfig */ = {isa = PBXFileReference; includeInIndex = 1; lastKnownFileType = text.xcconfig; name = "Pods-Flicks.release.xcconfig"; path = "Pods/Target Support Files/Pods-Flicks/Pods-Flicks.release.xcconfig"; sourceTree = "<group>"; };
		E9A36B6816D2439F180BF4D6 /* Pods-Flicks.debug.xcconfig */ = {isa = PBXFileReference; includeInIndex = 1; lastKnownFileType = text.xcconfig; name = "Pods-Flicks.debug.xcconfig"; path = "Pods/Target Support Files/Pods-Flicks/Pods-Flicks.debug.xcconfig"; sourceTree = "<group>"; };
/* End PBXFileReference section */

/* Begin PBXFrameworksBuildPhase section */
		193158EE1E8F0665002C45B3 /* Frameworks */ = {
			isa = PBXFrameworksBuildPhase;
			buildActionMask = 2147483647;
			files = (
				8503523F47BDA2093EA7069F /* Pods_Flicks.framework in Frameworks */,
			);
			runOnlyForDeploymentPostprocessing = 0;
		};
/* End PBXFrameworksBuildPhase section */

/* Begin PBXGroup section */
		193158E81E8F0665002C45B3 = {
			isa = PBXGroup;
			children = (
				193158F31E8F0665002C45B3 /* Flicks */,
				193158F21E8F0665002C45B3 /* Products */,
				1C7D4DC78E75E8F77C9DDFE0 /* Pods */,
				F65567F478EED12464A06189 /* Frameworks */,
			);
			sourceTree = "<group>";
		};
		193158F21E8F0665002C45B3 /* Products */ = {
			isa = PBXGroup;
			children = (
				193158F11E8F0665002C45B3 /* Flicks.app */,
			);
			name = Products;
			sourceTree = "<group>";
		};
		193158F31E8F0665002C45B3 /* Flicks */ = {
			isa = PBXGroup;
			children = (
				193159081E8F1F40002C45B3 /* View Controllers */,
				193158F41E8F0665002C45B3 /* AppDelegate.swift */,
				193158F81E8F0665002C45B3 /* Main.storyboard */,
				193158FB1E8F0665002C45B3 /* Assets.xcassets */,
				19F170211E91C7C100062D7D /* NowPlaying.png */,
				19F170251E91C95900062D7D /* iconmonstr-video-8-32.png */,
				19F170271E91C99400062D7D /* iconmonstr-star-1-32.png */,
				19F170231E91C7F300062D7D /* starrated.png */,
				193158FD1E8F0665002C45B3 /* LaunchScreen.storyboard */,
				193159001E8F0665002C45B3 /* Info.plist */,
			);
			path = Flicks;
			sourceTree = "<group>";
		};
		193159081E8F1F40002C45B3 /* View Controllers */ = {
			isa = PBXGroup;
			children = (
				193158F61E8F0665002C45B3 /* ViewController.swift */,
				193159061E8F1F39002C45B3 /* MovieTableViewCell.swift */,
				19E5A8E51E8FA1B30082C46E /* DetailViewController.swift */,
				19F170191E91AACB00062D7D /* AlertViewController.swift */,
				199BF37B1E91DABA00A45A00 /* ViewController2.swift */,
			);
			name = "View Controllers";
			sourceTree = "<group>";
		};
		1C7D4DC78E75E8F77C9DDFE0 /* Pods */ = {
			isa = PBXGroup;
			children = (
				E9A36B6816D2439F180BF4D6 /* Pods-Flicks.debug.xcconfig */,
				B037D25FACF55DA6B9CCEF6E /* Pods-Flicks.release.xcconfig */,
			);
			name = Pods;
			sourceTree = "<group>";
		};
		F65567F478EED12464A06189 /* Frameworks */ = {
			isa = PBXGroup;
			children = (
				65D484E0E6BCFA6AC7DF52C8 /* Pods_Flicks.framework */,
			);
			name = Frameworks;
			sourceTree = "<group>";
		};
/* End PBXGroup section */

/* Begin PBXNativeTarget section */
		193158F01E8F0665002C45B3 /* Flicks */ = {
			isa = PBXNativeTarget;
			buildConfigurationList = 193159031E8F0665002C45B3 /* Build configuration list for PBXNativeTarget "Flicks" */;
			buildPhases = (
				578A66366B498DBBF0660216 /* [CP] Check Pods Manifest.lock */,
				193158ED1E8F0665002C45B3 /* Sources */,
				193158EE1E8F0665002C45B3 /* Frameworks */,
				193158EF1E8F0665002C45B3 /* Resources */,
				4C84CC5BE35FEEC8A542A92C /* [CP] Embed Pods Frameworks */,
				E0A080CBA8361A35815F490A /* [CP] Copy Pods Resources */,
			);
			buildRules = (
			);
			dependencies = (
			);
			name = Flicks;
			productName = Flicks;
			productReference = 193158F11E8F0665002C45B3 /* Flicks.app */;
			productType = "com.apple.product-type.application";
		};
/* End PBXNativeTarget section */

/* Begin PBXProject section */
		193158E91E8F0665002C45B3 /* Project object */ = {
			isa = PBXProject;
			attributes = {
				LastSwiftUpdateCheck = 0820;
				LastUpgradeCheck = 0820;
				ORGANIZATIONNAME = "Pavani Vellal";
				TargetAttributes = {
					193158F01E8F0665002C45B3 = {
						CreatedOnToolsVersion = 8.2;
						DevelopmentTeam = 5PKYKCYDR5;
						ProvisioningStyle = Automatic;
					};
				};
			};
			buildConfigurationList = 193158EC1E8F0665002C45B3 /* Build configuration list for PBXProject "Flicks" */;
			compatibilityVersion = "Xcode 3.2";
			developmentRegion = English;
			hasScannedForEncodings = 0;
			knownRegions = (
				en,
				Base,
			);
			mainGroup = 193158E81E8F0665002C45B3;
			productRefGroup = 193158F21E8F0665002C45B3 /* Products */;
			projectDirPath = "";
			projectRoot = "";
			targets = (
				193158F01E8F0665002C45B3 /* Flicks */,
			);
		};
/* End PBXProject section */

/* Begin PBXResourcesBuildPhase section */
		193158EF1E8F0665002C45B3 /* Resources */ = {
			isa = PBXResourcesBuildPhase;
			buildActionMask = 2147483647;
			files = (
				193158FF1E8F0665002C45B3 /* LaunchScreen.storyboard in Resources */,
				19F170241E91C7F300062D7D /* starrated.png in Resources */,
				193158FC1E8F0665002C45B3 /* Assets.xcassets in Resources */,
				19F170261E91C95900062D7D /* iconmonstr-video-8-32.png in Resources */,
				193158FA1E8F0665002C45B3 /* Main.storyboard in Resources */,
				19F170281E91C99400062D7D /* iconmonstr-star-1-32.png in Resources */,
				19F170221E91C7C100062D7D /* NowPlaying.png in Resources */,
			);
			runOnlyForDeploymentPostprocessing = 0;
		};
/* End PBXResourcesBuildPhase section */

/* Begin PBXShellScriptBuildPhase section */
		4C84CC5BE35FEEC8A542A92C /* [CP] Embed Pods Frameworks */ = {
			isa = PBXShellScriptBuildPhase;
			buildActionMask = 2147483647;
			files = (
			);
			inputPaths = (
			);
			name = "[CP] Embed Pods Frameworks";
			outputPaths = (
			);
			runOnlyForDeploymentPostprocessing = 0;
			shellPath = /bin/sh;
			shellScript = "\"${SRCROOT}/Pods/Target Support Files/Pods-Flicks/Pods-Flicks-frameworks.sh\"\n";
			showEnvVarsInLog = 0;
		};
		578A66366B498DBBF0660216 /* [CP] Check Pods Manifest.lock */ = {
			isa = PBXShellScriptBuildPhase;
			buildActionMask = 2147483647;
			files = (
			);
			inputPaths = (
			);
			name = "[CP] Check Pods Manifest.lock";
			outputPaths = (
			);
			runOnlyForDeploymentPostprocessing = 0;
			shellPath = /bin/sh;
			shellScript = "diff \"${PODS_ROOT}/../Podfile.lock\" \"${PODS_ROOT}/Manifest.lock\" > /dev/null\nif [ $? != 0 ] ; then\n    # print error to STDERR\n    echo \"error: The sandbox is not in sync with the Podfile.lock. Run 'pod install' or update your CocoaPods installation.\" >&2\n    exit 1\nfi\n";
			showEnvVarsInLog = 0;
		};
		E0A080CBA8361A35815F490A /* [CP] Copy Pods Resources */ = {
			isa = PBXShellScriptBuildPhase;
			buildActionMask = 2147483647;
			files = (
			);
			inputPaths = (
			);
			name = "[CP] Copy Pods Resources";
			outputPaths = (
			);
			runOnlyForDeploymentPostprocessing = 0;
			shellPath = /bin/sh;
			shellScript = "\"${SRCROOT}/Pods/Target Support Files/Pods-Flicks/Pods-Flicks-resources.sh\"\n";
			showEnvVarsInLog = 0;
		};
/* End PBXShellScriptBuildPhase section */

/* Begin PBXSourcesBuildPhase section */
		193158ED1E8F0665002C45B3 /* Sources */ = {
			isa = PBXSourcesBuildPhase;
			buildActionMask = 2147483647;
			files = (
				193158F71E8F0665002C45B3 /* ViewController.swift in Sources */,
				193158F51E8F0665002C45B3 /* AppDelegate.swift in Sources */,
				193159071E8F1F39002C45B3 /* MovieTableViewCell.swift in Sources */,
				19F1701A1E91AACB00062D7D /* AlertViewController.swift in Sources */,
				19E5A8E61E8FA1B30082C46E /* DetailViewController.swift in Sources */,
				199BF37C1E91DABA00A45A00 /* ViewController2.swift in Sources */,
			);
			runOnlyForDeploymentPostprocessing = 0;
		};
/* End PBXSourcesBuildPhase section */

/* Begin PBXVariantGroup section */
		193158F81E8F0665002C45B3 /* Main.storyboard */ = {
			isa = PBXVariantGroup;
			children = (
				193158F91E8F0665002C45B3 /* Base */,
			);
			name = Main.storyboard;
			sourceTree = "<group>";
		};
		193158FD1E8F0665002C45B3 /* LaunchScreen.storyboard */ = {
			isa = PBXVariantGroup;
			children = (
				193158FE1E8F0665002C45B3 /* Base */,
			);
			name = LaunchScreen.storyboard;
			sourceTree = "<group>";
		};
/* End PBXVariantGroup section */

/* Begin XCBuildConfiguration section */
		193159011E8F0665002C45B3 /* Debug */ = {
			isa = XCBuildConfiguration;
			buildSettings = {
				ALWAYS_SEARCH_USER_PATHS = NO;
				CLANG_ANALYZER_NONNULL = YES;
				CLANG_CXX_LANGUAGE_STANDARD = "gnu++0x";
				CLANG_CXX_LIBRARY = "libc++";
				CLANG_ENABLE_MODULES = YES;
				CLANG_ENABLE_OBJC_ARC = YES;
				CLANG_WARN_BOOL_CONVERSION = YES;
				CLANG_WARN_CONSTANT_CONVERSION = YES;
				CLANG_WARN_DIRECT_OBJC_ISA_USAGE = YES_ERROR;
				CLANG_WARN_DOCUMENTATION_COMMENTS = YES;
				CLANG_WARN_EMPTY_BODY = YES;
				CLANG_WARN_ENUM_CONVERSION = YES;
				CLANG_WARN_INFINITE_RECURSION = YES;
				CLANG_WARN_INT_CONVERSION = YES;
				CLANG_WARN_OBJC_ROOT_CLASS = YES_ERROR;
				CLANG_WARN_SUSPICIOUS_MOVE = YES;
				CLANG_WARN_UNREACHABLE_CODE = YES;
				CLANG_WARN__DUPLICATE_METHOD_MATCH = YES;
				"CODE_SIGN_IDENTITY[sdk=iphoneos*]" = "iPhone Developer";
				COPY_PHASE_STRIP = NO;
				DEBUG_INFORMATION_FORMAT = dwarf;
				ENABLE_STRICT_OBJC_MSGSEND = YES;
				ENABLE_TESTABILITY = YES;
				GCC_C_LANGUAGE_STANDARD = gnu99;
				GCC_DYNAMIC_NO_PIC = NO;
				GCC_NO_COMMON_BLOCKS = YES;
				GCC_OPTIMIZATION_LEVEL = 0;
				GCC_PREPROCESSOR_DEFINITIONS = (
					"DEBUG=1",
					"$(inherited)",
				);
				GCC_WARN_64_TO_32_BIT_CONVERSION = YES;
				GCC_WARN_ABOUT_RETURN_TYPE = YES_ERROR;
				GCC_WARN_UNDECLARED_SELECTOR = YES;
				GCC_WARN_UNINITIALIZED_AUTOS = YES_AGGRESSIVE;
				GCC_WARN_UNUSED_FUNCTION = YES;
				GCC_WARN_UNUSED_VARIABLE = YES;
				IPHONEOS_DEPLOYMENT_TARGET = 10.2;
				MTL_ENABLE_DEBUG_INFO = YES;
				ONLY_ACTIVE_ARCH = YES;
				SDKROOT = iphoneos;
				SWIFT_ACTIVE_COMPILATION_CONDITIONS = DEBUG;
				SWIFT_OPTIMIZATION_LEVEL = "-Onone";
			};
			name = Debug;
		};
		193159021E8F0665002C45B3 /* Release */ = {
			isa = XCBuildConfiguration;
			buildSettings = {
				ALWAYS_SEARCH_USER_PATHS = NO;
				CLANG_ANALYZER_NONNULL = YES;
				CLANG_CXX_LANGUAGE_STANDARD = "gnu++0x";
				CLANG_CXX_LIBRARY = "libc++";
				CLANG_ENABLE_MODULES = YES;
				CLANG_ENABLE_OBJC_ARC = YES;
				CLANG_WARN_BOOL_CONVERSION = YES;
				CLANG_WARN_CONSTANT_CONVERSION = YES;
				CLANG_WARN_DIRECT_OBJC_ISA_USAGE = YES_ERROR;
				CLANG_WARN_DOCUMENTATION_COMMENTS = YES;
				CLANG_WARN_EMPTY_BODY = YES;
				CLANG_WARN_ENUM_CONVERSION = YES;
				CLANG_WARN_INFINITE_RECURSION = YES;
				CLANG_WARN_INT_CONVERSION = YES;
				CLANG_WARN_OBJC_ROOT_CLASS = YES_ERROR;
				CLANG_WARN_SUSPICIOUS_MOVE = YES;
				CLANG_WARN_UNREACHABLE_CODE = YES;
				CLANG_WARN__DUPLICATE_METHOD_MATCH = YES;
				"CODE_SIGN_IDENTITY[sdk=iphoneos*]" = "iPhone Developer";
				COPY_PHASE_STRIP = NO;
				DEBUG_INFORMATION_FORMAT = "dwarf-with-dsym";
				ENABLE_NS_ASSERTIONS = NO;
				ENABLE_STRICT_OBJC_MSGSEND = YES;
				GCC_C_LANGUAGE_STANDARD = gnu99;
				GCC_NO_COMMON_BLOCKS = YES;
				GCC_WARN_64_TO_32_BIT_CONVERSION = YES;
				GCC_WARN_ABOUT_RETURN_TYPE = YES_ERROR;
				GCC_WARN_UNDECLARED_SELECTOR = YES;
				GCC_WARN_UNINITIALIZED_AUTOS = YES_AGGRESSIVE;
				GCC_WARN_UNUSED_FUNCTION = YES;
				GCC_WARN_UNUSED_VARIABLE = YES;
				IPHONEOS_DEPLOYMENT_TARGET = 10.2;
				MTL_ENABLE_DEBUG_INFO = NO;
				SDKROOT = iphoneos;
				SWIFT_OPTIMIZATION_LEVEL = "-Owholemodule";
				VALIDATE_PRODUCT = YES;
			};
			name = Release;
		};
		193159041E8F0665002C45B3 /* Debug */ = {
			isa = XCBuildConfiguration;
			baseConfigurationReference = E9A36B6816D2439F180BF4D6 /* Pods-Flicks.debug.xcconfig */;
			buildSettings = {
				ASSETCATALOG_COMPILER_APPICON_NAME = AppIcon;
				DEVELOPMENT_TEAM = 5PKYKCYDR5;
				INFOPLIST_FILE = Flicks/Info.plist;
				LD_RUNPATH_SEARCH_PATHS = "$(inherited) @executable_path/Frameworks";
				PRODUCT_BUNDLE_IDENTIFIER = com.pavani.Flicks;
				PRODUCT_NAME = "$(TARGET_NAME)";
				SWIFT_VERSION = 3.0;
			};
			name = Debug;
		};
		193159051E8F0665002C45B3 /* Release */ = {
			isa = XCBuildConfiguration;
			baseConfigurationReference = B037D25FACF55DA6B9CCEF6E /* Pods-Flicks.release.xcconfig */;
			buildSettings = {
				ASSETCATALOG_COMPILER_APPICON_NAME = AppIcon;
				DEVELOPMENT_TEAM = 5PKYKCYDR5;
				INFOPLIST_FILE = Flicks/Info.plist;
				LD_RUNPATH_SEARCH_PATHS = "$(inherited) @executable_path/Frameworks";
				PRODUCT_BUNDLE_IDENTIFIER = com.pavani.Flicks;
				PRODUCT_NAME = "$(TARGET_NAME)";
				SWIFT_VERSION = 3.0;
			};
			name = Release;
		};
/* End XCBuildConfiguration section */

/* Begin XCConfigurationList section */
		193158EC1E8F0665002C45B3 /* Build configuration list for PBXProject "Flicks" */ = {
			isa = XCConfigurationList;
			buildConfigurations = (
				193159011E8F0665002C45B3 /* Debug */,
				193159021E8F0665002C45B3 /* Release */,
			);
			defaultConfigurationIsVisible = 0;
			defaultConfigurationName = Release;
		};
		193159031E8F0665002C45B3 /* Build configuration list for PBXNativeTarget "Flicks" */ = {
			isa = XCConfigurationList;
			buildConfigurations = (
				193159041E8F0665002C45B3 /* Debug */,
				193159051E8F0665002C45B3 /* Release */,
			);
			defaultConfigurationIsVisible = 0;
			defaultConfigurationName = Release;
		};
/* End XCConfigurationList section */
	};
	rootObject = 193158E91E8F0665002C45B3 /* Project object */;
}
