// !$*UTF8*$!
{
	archiveVersion = 1;
	classes = {
	};
	objectVersion = 46;
	objects = {

/* Begin PBXBuildFile section */
		1989C73F1E76865900D49994 /* SettingController.swift in Sources */ = {isa = PBXBuildFile; fileRef = 1989C73E1E76865900D49994 /* SettingController.swift */; };
		1989C7411E76874000D49994 /* setting.png in Resources */ = {isa = PBXBuildFile; fileRef = 1989C7401E76874000D49994 /* setting.png */; };
		198BA4DE1E76451F00DC0F2B /* AppDelegate.swift in Sources */ = {isa = PBXBuildFile; fileRef = 198BA4DD1E76451F00DC0F2B /* AppDelegate.swift */; };
		198BA4E01E76451F00DC0F2B /* ViewController.swift in Sources */ = {isa = PBXBuildFile; fileRef = 198BA4DF1E76451F00DC0F2B /* ViewController.swift */; };
		198BA4E31E76451F00DC0F2B /* Main.storyboard in Resources */ = {isa = PBXBuildFile; fileRef = 198BA4E11E76451F00DC0F2B /* Main.storyboard */; };
		198BA4E51E76451F00DC0F2B /* Assets.xcassets in Resources */ = {isa = PBXBuildFile; fileRef = 198BA4E41E76451F00DC0F2B /* Assets.xcassets */; };
		198BA4E81E76451F00DC0F2B /* LaunchScreen.storyboard in Resources */ = {isa = PBXBuildFile; fileRef = 198BA4E61E76451F00DC0F2B /* LaunchScreen.storyboard */; };
/* End PBXBuildFile section */

/* Begin PBXFileReference section */
		1989C73E1E76865900D49994 /* SettingController.swift */ = {isa = PBXFileReference; fileEncoding = 4; lastKnownFileType = sourcecode.swift; path = SettingController.swift; sourceTree = "<group>"; };
		1989C7401E76874000D49994 /* setting.png */ = {isa = PBXFileReference; lastKnownFileType = image.png; path = setting.png; sourceTree = "<group>"; };
		198BA4DA1E76451F00DC0F2B /* Tip Calculator.app */ = {isa = PBXFileReference; explicitFileType = wrapper.application; includeInIndex = 0; path = "Tip Calculator.app"; sourceTree = BUILT_PRODUCTS_DIR; };
		198BA4DD1E76451F00DC0F2B /* AppDelegate.swift */ = {isa = PBXFileReference; lastKnownFileType = sourcecode.swift; path = AppDelegate.swift; sourceTree = "<group>"; };
		198BA4DF1E76451F00DC0F2B /* ViewController.swift */ = {isa = PBXFileReference; lastKnownFileType = sourcecode.swift; path = ViewController.swift; sourceTree = "<group>"; };
		198BA4E21E76451F00DC0F2B /* Base */ = {isa = PBXFileReference; lastKnownFileType = file.storyboard; name = Base; path = Base.lproj/Main.storyboard; sourceTree = "<group>"; };
		198BA4E41E76451F00DC0F2B /* Assets.xcassets */ = {isa = PBXFileReference; lastKnownFileType = folder.assetcatalog; path = Assets.xcassets; sourceTree = "<group>"; };
		198BA4E71E76451F00DC0F2B /* Base */ = {isa = PBXFileReference; lastKnownFileType = file.storyboard; name = Base; path = Base.lproj/LaunchScreen.storyboard; sourceTree = "<group>"; };
		198BA4E91E76451F00DC0F2B /* Info.plist */ = {isa = PBXFileReference; lastKnownFileType = text.plist.xml; path = Info.plist; sourceTree = "<group>"; };
/* End PBXFileReference section */

/* Begin PBXFrameworksBuildPhase section */
		198BA4D71E76451F00DC0F2B /* Frameworks */ = {
			isa = PBXFrameworksBuildPhase;
			buildActionMask = 2147483647;
			files = (
			);
			runOnlyForDeploymentPostprocessing = 0;
		};
/* End PBXFrameworksBuildPhase section */

/* Begin PBXGroup section */
		198BA4D11E76451E00DC0F2B = {
			isa = PBXGroup;
			children = (
				198BA4DC1E76451F00DC0F2B /* Tip Calculator */,
				198BA4DB1E76451F00DC0F2B /* Products */,
			);
			sourceTree = "<group>";
		};
		198BA4DB1E76451F00DC0F2B /* Products */ = {
			isa = PBXGroup;
			children = (
				198BA4DA1E76451F00DC0F2B /* Tip Calculator.app */,
			);
			name = Products;
			sourceTree = "<group>";
		};
		198BA4DC1E76451F00DC0F2B /* Tip Calculator */ = {
			isa = PBXGroup;
			children = (
				198BA4DD1E76451F00DC0F2B /* AppDelegate.swift */,
				198BA4DF1E76451F00DC0F2B /* ViewController.swift */,
				198BA4E11E76451F00DC0F2B /* Main.storyboard */,
				198BA4E41E76451F00DC0F2B /* Assets.xcassets */,
				198BA4E61E76451F00DC0F2B /* LaunchScreen.storyboard */,
				198BA4E91E76451F00DC0F2B /* Info.plist */,
				1989C73E1E76865900D49994 /* SettingController.swift */,
				1989C7401E76874000D49994 /* setting.png */,
			);
			path = "Tip Calculator";
			sourceTree = "<group>";
		};
/* End PBXGroup section */

/* Begin PBXNativeTarget section */
		198BA4D91E76451F00DC0F2B /* Tip Calculator */ = {
			isa = PBXNativeTarget;
			buildConfigurationList = 198BA4EC1E76451F00DC0F2B /* Build configuration list for PBXNativeTarget "Tip Calculator" */;
			buildPhases = (
				198BA4D61E76451F00DC0F2B /* Sources */,
				198BA4D71E76451F00DC0F2B /* Frameworks */,
				198BA4D81E76451F00DC0F2B /* Resources */,
			);
			buildRules = (
			);
			dependencies = (
			);
			name = "Tip Calculator";
			productName = "Tip Calculator";
			productReference = 198BA4DA1E76451F00DC0F2B /* Tip Calculator.app */;
			productType = "com.apple.product-type.application";
		};
/* End PBXNativeTarget section */

/* Begin PBXProject section */
		198BA4D21E76451E00DC0F2B /* Project object */ = {
			isa = PBXProject;
			attributes = {
				LastSwiftUpdateCheck = 0820;
				LastUpgradeCheck = 0820;
				ORGANIZATIONNAME = "Pavani Vellal";
				TargetAttributes = {
					198BA4D91E76451F00DC0F2B = {
						CreatedOnToolsVersion = 8.2;
						DevelopmentTeam = 5PKYKCYDR5;
						ProvisioningStyle = Automatic;
					};
				};
			};
			buildConfigurationList = 198BA4D51E76451F00DC0F2B /* Build configuration list for PBXProject "Tip Calculator" */;
			compatibilityVersion = "Xcode 3.2";
			developmentRegion = English;
			hasScannedForEncodings = 0;
			knownRegions = (
				en,
				Base,
			);
			mainGroup = 198BA4D11E76451E00DC0F2B;
			productRefGroup = 198BA4DB1E76451F00DC0F2B /* Products */;
			projectDirPath = "";
			projectRoot = "";
			targets = (
				198BA4D91E76451F00DC0F2B /* Tip Calculator */,
			);
		};
/* End PBXProject section */

/* Begin PBXResourcesBuildPhase section */
		198BA4D81E76451F00DC0F2B /* Resources */ = {
			isa = PBXResourcesBuildPhase;
			buildActionMask = 2147483647;
			files = (
				1989C7411E76874000D49994 /* setting.png in Resources */,
				198BA4E81E76451F00DC0F2B /* LaunchScreen.storyboard in Resources */,
				198BA4E51E76451F00DC0F2B /* Assets.xcassets in Resources */,
				198BA4E31E76451F00DC0F2B /* Main.storyboard in Resources */,
			);
			runOnlyForDeploymentPostprocessing = 0;
		};
/* End PBXResourcesBuildPhase section */

/* Begin PBXSourcesBuildPhase section */
		198BA4D61E76451F00DC0F2B /* Sources */ = {
			isa = PBXSourcesBuildPhase;
			buildActionMask = 2147483647;
			files = (
				1989C73F1E76865900D49994 /* SettingController.swift in Sources */,
				198BA4E01E76451F00DC0F2B /* ViewController.swift in Sources */,
				198BA4DE1E76451F00DC0F2B /* AppDelegate.swift in Sources */,
			);
			runOnlyForDeploymentPostprocessing = 0;
		};
/* End PBXSourcesBuildPhase section */

/* Begin PBXVariantGroup section */
		198BA4E11E76451F00DC0F2B /* Main.storyboard */ = {
			isa = PBXVariantGroup;
			children = (
				198BA4E21E76451F00DC0F2B /* Base */,
			);
			name = Main.storyboard;
			sourceTree = "<group>";
		};
		198BA4E61E76451F00DC0F2B /* LaunchScreen.storyboard */ = {
			isa = PBXVariantGroup;
			children = (
				198BA4E71E76451F00DC0F2B /* Base */,
			);
			name = LaunchScreen.storyboard;
			sourceTree = "<group>";
		};
/* End PBXVariantGroup section */

/* Begin XCBuildConfiguration section */
		198BA4EA1E76451F00DC0F2B /* Debug */ = {
			isa = XCBuildConfiguration;
			buildSettings = {
				ALWAYS_SEARCH_USER_PATHS = NO;
				CLANG_ANALYZER_NONNULL = YES;
				CLANG_CXX_LANGUAGE_STANDARD = "gnu++0x";
				CLANG_CXX_LIBRARY = "libc++";
				CLANG_ENABLE_MODULES = YES;
				CLANG_ENABLE_OBJC_ARC = YES;
				CLANG_WARN_BOOL_CONVERSION = YES;
				CLANG_WARN_CONSTANT_CONVERSION = YES;
				CLANG_WARN_DIRECT_OBJC_ISA_USAGE = YES_ERROR;
				CLANG_WARN_DOCUMENTATION_COMMENTS = YES;
				CLANG_WARN_EMPTY_BODY = YES;
				CLANG_WARN_ENUM_CONVERSION = YES;
				CLANG_WARN_INFINITE_RECURSION = YES;
				CLANG_WARN_INT_CONVERSION = YES;
				CLANG_WARN_OBJC_ROOT_CLASS = YES_ERROR;
				CLANG_WARN_SUSPICIOUS_MOVE = YES;
				CLANG_WARN_UNREACHABLE_CODE = YES;
				CLANG_WARN__DUPLICATE_METHOD_MATCH = YES;
				"CODE_SIGN_IDENTITY[sdk=iphoneos*]" = "iPhone Developer";
				COPY_PHASE_STRIP = NO;
				DEBUG_INFORMATION_FORMAT = dwarf;
				ENABLE_STRICT_OBJC_MSGSEND = YES;
				ENABLE_TESTABILITY = YES;
				GCC_C_LANGUAGE_STANDARD = gnu99;
				GCC_DYNAMIC_NO_PIC = NO;
				GCC_NO_COMMON_BLOCKS = YES;
				GCC_OPTIMIZATION_LEVEL = 0;
				GCC_PREPROCESSOR_DEFINITIONS = (
					"DEBUG=1",
					"$(inherited)",
				);
				GCC_WARN_64_TO_32_BIT_CONVERSION = YES;
				GCC_WARN_ABOUT_RETURN_TYPE = YES_ERROR;
				GCC_WARN_UNDECLARED_SELECTOR = YES;
				GCC_WARN_UNINITIALIZED_AUTOS = YES_AGGRESSIVE;
				GCC_WARN_UNUSED_FUNCTION = YES;
				GCC_WARN_UNUSED_VARIABLE = YES;
				IPHONEOS_DEPLOYMENT_TARGET = 10.2;
				MTL_ENABLE_DEBUG_INFO = YES;
				ONLY_ACTIVE_ARCH = YES;
				SDKROOT = iphoneos;
				SWIFT_ACTIVE_COMPILATION_CONDITIONS = DEBUG;
				SWIFT_OPTIMIZATION_LEVEL = "-Onone";
			};
			name = Debug;
		};
		198BA4EB1E76451F00DC0F2B /* Release */ = {
			isa = XCBuildConfiguration;
			buildSettings = {
				ALWAYS_SEARCH_USER_PATHS = NO;
				CLANG_ANALYZER_NONNULL = YES;
				CLANG_CXX_LANGUAGE_STANDARD = "gnu++0x";
				CLANG_CXX_LIBRARY = "libc++";
				CLANG_ENABLE_MODULES = YES;
				CLANG_ENABLE_OBJC_ARC = YES;
				CLANG_WARN_BOOL_CONVERSION = YES;
				CLANG_WARN_CONSTANT_CONVERSION = YES;
				CLANG_WARN_DIRECT_OBJC_ISA_USAGE = YES_ERROR;
				CLANG_WARN_DOCUMENTATION_COMMENTS = YES;
				CLANG_WARN_EMPTY_BODY = YES;
				CLANG_WARN_ENUM_CONVERSION = YES;
				CLANG_WARN_INFINITE_RECURSION = YES;
				CLANG_WARN_INT_CONVERSION = YES;
				CLANG_WARN_OBJC_ROOT_CLASS = YES_ERROR;
				CLANG_WARN_SUSPICIOUS_MOVE = YES;
				CLANG_WARN_UNREACHABLE_CODE = YES;
				CLANG_WARN__DUPLICATE_METHOD_MATCH = YES;
				"CODE_SIGN_IDENTITY[sdk=iphoneos*]" = "iPhone Developer";
				COPY_PHASE_STRIP = NO;
				DEBUG_INFORMATION_FORMAT = "dwarf-with-dsym";
				ENABLE_NS_ASSERTIONS = NO;
				ENABLE_STRICT_OBJC_MSGSEND = YES;
				GCC_C_LANGUAGE_STANDARD = gnu99;
				GCC_NO_COMMON_BLOCKS = YES;
				GCC_WARN_64_TO_32_BIT_CONVERSION = YES;
				GCC_WARN_ABOUT_RETURN_TYPE = YES_ERROR;
				GCC_WARN_UNDECLARED_SELECTOR = YES;
				GCC_WARN_UNINITIALIZED_AUTOS = YES_AGGRESSIVE;
				GCC_WARN_UNUSED_FUNCTION = YES;
				GCC_WARN_UNUSED_VARIABLE = YES;
				IPHONEOS_DEPLOYMENT_TARGET = 10.2;
				MTL_ENABLE_DEBUG_INFO = NO;
				SDKROOT = iphoneos;
				SWIFT_OPTIMIZATION_LEVEL = "-Owholemodule";
				VALIDATE_PRODUCT = YES;
			};
			name = Release;
		};
		198BA4ED1E76451F00DC0F2B /* Debug */ = {
			isa = XCBuildConfiguration;
			buildSettings = {
				ASSETCATALOG_COMPILER_APPICON_NAME = AppIcon;
				DEVELOPMENT_TEAM = 5PKYKCYDR5;
				INFOPLIST_FILE = "Tip Calculator/Info.plist";
				LD_RUNPATH_SEARCH_PATHS = "$(inherited) @executable_path/Frameworks";
				PRODUCT_BUNDLE_IDENTIFIER = "com.pavani.Tip-Calculator";
				PRODUCT_NAME = "$(TARGET_NAME)";
				SWIFT_VERSION = 3.0;
			};
			name = Debug;
		};
		198BA4EE1E76451F00DC0F2B /* Release */ = {
			isa = XCBuildConfiguration;
			buildSettings = {
				ASSETCATALOG_COMPILER_APPICON_NAME = AppIcon;
				DEVELOPMENT_TEAM = 5PKYKCYDR5;
				INFOPLIST_FILE = "Tip Calculator/Info.plist";
				LD_RUNPATH_SEARCH_PATHS = "$(inherited) @executable_path/Frameworks";
				PRODUCT_BUNDLE_IDENTIFIER = "com.pavani.Tip-Calculator";
				PRODUCT_NAME = "$(TARGET_NAME)";
				SWIFT_VERSION = 3.0;
			};
			name = Release;
		};
/* End XCBuildConfiguration section */

/* Begin XCConfigurationList section */
		198BA4D51E76451F00DC0F2B /* Build configuration list for PBXProject "Tip Calculator" */ = {
			isa = XCConfigurationList;
			buildConfigurations = (
				198BA4EA1E76451F00DC0F2B /* Debug */,
				198BA4EB1E76451F00DC0F2B /* Release */,
			);
			defaultConfigurationIsVisible = 0;
			defaultConfigurationName = Release;
		};
		198BA4EC1E76451F00DC0F2B /* Build configuration list for PBXNativeTarget "Tip Calculator" */ = {
			isa = XCConfigurationList;
			buildConfigurations = (
				198BA4ED1E76451F00DC0F2B /* Debug */,
				198BA4EE1E76451F00DC0F2B /* Release */,
			);
			defaultConfigurationIsVisible = 0;
			defaultConfigurationName = Release;
		};
/* End XCConfigurationList section */
	};
	rootObject = 198BA4D21E76451E00DC0F2B /* Project object */;
}
